
Microsoft Visual Studio Solution File, Format Version 12.00
# Visual Studio Version 16
VisualStudioVersion = 16.0.30523.141
MinimumVisualStudioVersion = 10.0.40219.1
Project("{FAE04EC0-301F-11D3-BF4B-00C04F79EFBC}") = "AssignmentRegEx", "AssignmentRegEx.csproj", "{0CD0D114-98F8-421F-A6B8-8E83F5EC71A1}"
EndProject
Global
	GlobalSection(SolutionConfigurationPlatforms) = preSolution
		Debug|Any CPU = Debug|Any CPU
		Release|Any CPU = Release|Any CPU
	EndGlobalSection
	GlobalSection(ProjectConfigurationPlatforms) = postSolution
		{0CD0D114-98F8-421F-A6B8-8E83F5EC71A1}.Debug|Any CPU.ActiveCfg = Debug|Any CPU
		{0CD0D114-98F8-421F-A6B8-8E83F5EC71A1}.Debug|Any CPU.Build.0 = Debug|Any CPU
		{0CD0D114-98F8-421F-A6B8-8E83F5EC71A1}.Release|Any CPU.ActiveCfg = Release|Any CPU
		{0CD0D114-98F8-421F-A6B8-8E83F5EC71A1}.Release|Any CPU.Build.0 = Release|Any CPU
	EndGlobalSection
	GlobalSection(SolutionProperties) = preSolution
		HideSolutionNode = FALSE
	EndGlobalSection
	GlobalSection(ExtensibilityGlobals) = postSolution
		SolutionGuid = {FD2DB467-4F23-480D-B0D9-370DA60D1705}
	EndGlobalSection
EndGlobal
